
Microsoft Visual Studio Solution File, Format Version 12.00
# Visual Studio Version 17
VisualStudioVersion = 17.3.32825.248
MinimumVisualStudioVersion = 10.0.40219.1
Project("{FAE04EC0-301F-11D3-BF4B-00C04F79EFBC}") = "Задачи_1-10_Брежнев", "Задачи_1-10_Брежнев\Задачи_1-10_Брежнев.csproj", "{D88D80BA-593B-4871-A1E2-BAAAAFB4F063}"
EndProject
Global
	GlobalSection(SolutionConfigurationPlatforms) = preSolution
		Debug|Any CPU = Debug|Any CPU
		Release|Any CPU = Release|Any CPU
	EndGlobalSection
	GlobalSection(ProjectConfigurationPlatforms) = postSolution
		{D88D80BA-593B-4871-A1E2-BAAAAFB4F063}.Debug|Any CPU.ActiveCfg = Debug|Any CPU
		{D88D80BA-593B-4871-A1E2-BAAAAFB4F063}.Debug|Any CPU.Build.0 = Debug|Any CPU
		{D88D80BA-593B-4871-A1E2-BAAAAFB4F063}.Release|Any CPU.ActiveCfg = Release|Any CPU
		{D88D80BA-593B-4871-A1E2-BAAAAFB4F063}.Release|Any CPU.Build.0 = Release|Any CPU
	EndGlobalSection
	GlobalSection(SolutionProperties) = preSolution
		HideSolutionNode = FALSE
	EndGlobalSection
	GlobalSection(ExtensibilityGlobals) = postSolution
		SolutionGuid = {C4624647-015A-47D3-BDCD-3689BD1BC070}
	EndGlobalSection
EndGlobal
